
Microsoft Visual Studio Solution File, Format Version 12.00
# Visual Studio Version 17
VisualStudioVersion = 17.1.32421.90
MinimumVisualStudioVersion = 10.0.40219.1
Project("{9A19103F-16F7-4668-BE54-9A1E7A4F7556}") = "Chromedia.DataAccess", "Chromedia.DataAccess\Chromedia.DataAccess.csproj", "{49210D5A-BE47-4AE5-B92A-75A696C74B58}"
EndProject
Project("{9A19103F-16F7-4668-BE54-9A1E7A4F7556}") = "Chromedia.Business", "Chromedia.Core\Chromedia.Business.csproj", "{C0429470-7415-4373-9190-F3E73119E1DE}"
EndProject
Project("{9A19103F-16F7-4668-BE54-9A1E7A4F7556}") = "Chromedia.WPF", "Chromedia.WPF\Chromedia.WPF.csproj", "{E7C885C7-92E8-49E5-A8F0-05D6CACC6BCF}"
EndProject
Global
	GlobalSection(SolutionConfigurationPlatforms) = preSolution
		Debug|Any CPU = Debug|Any CPU
		Release|Any CPU = Release|Any CPU
	EndGlobalSection
	GlobalSection(ProjectConfigurationPlatforms) = postSolution
		{49210D5A-BE47-4AE5-B92A-75A696C74B58}.Debug|Any CPU.ActiveCfg = Debug|Any CPU
		{49210D5A-BE47-4AE5-B92A-75A696C74B58}.Debug|Any CPU.Build.0 = Debug|Any CPU
		{49210D5A-BE47-4AE5-B92A-75A696C74B58}.Release|Any CPU.ActiveCfg = Release|Any CPU
		{49210D5A-BE47-4AE5-B92A-75A696C74B58}.Release|Any CPU.Build.0 = Release|Any CPU
		{C0429470-7415-4373-9190-F3E73119E1DE}.Debug|Any CPU.ActiveCfg = Debug|Any CPU
		{C0429470-7415-4373-9190-F3E73119E1DE}.Debug|Any CPU.Build.0 = Debug|Any CPU
		{C0429470-7415-4373-9190-F3E73119E1DE}.Release|Any CPU.ActiveCfg = Release|Any CPU
		{C0429470-7415-4373-9190-F3E73119E1DE}.Release|Any CPU.Build.0 = Release|Any CPU
		{E7C885C7-92E8-49E5-A8F0-05D6CACC6BCF}.Debug|Any CPU.ActiveCfg = Debug|Any CPU
		{E7C885C7-92E8-49E5-A8F0-05D6CACC6BCF}.Debug|Any CPU.Build.0 = Debug|Any CPU
		{E7C885C7-92E8-49E5-A8F0-05D6CACC6BCF}.Release|Any CPU.ActiveCfg = Release|Any CPU
		{E7C885C7-92E8-49E5-A8F0-05D6CACC6BCF}.Release|Any CPU.Build.0 = Release|Any CPU
	EndGlobalSection
	GlobalSection(SolutionProperties) = preSolution
		HideSolutionNode = FALSE
	EndGlobalSection
	GlobalSection(ExtensibilityGlobals) = postSolution
		SolutionGuid = {52C7EB3D-93F9-461A-BCD2-31B46E16086D}
	EndGlobalSection
EndGlobal
